// !$*UTF8*$!
{
	archiveVersion = 1;
	classes = {
	};
	objectVersion = 56;
	objects = {

/* Begin PBXBuildFile section */
		1BB5825929678BF7007BECB5 /* AppDelegate.swift in Sources */ = {isa = PBXBuildFile; fileRef = 1BB5825829678BF6007BECB5 /* AppDelegate.swift */; };
		1BB5825B29678BF7007BECB5 /* SceneDelegate.swift in Sources */ = {isa = PBXBuildFile; fileRef = 1BB5825A29678BF7007BECB5 /* SceneDelegate.swift */; };
		1BB5825D29678BF7007BECB5 /* ProductCatalogViewController.swift in Sources */ = {isa = PBXBuildFile; fileRef = 1BB5825C29678BF7007BECB5 /* ProductCatalogViewController.swift */; };
		1BB5826029678BF7007BECB5 /* Main.storyboard in Resources */ = {isa = PBXBuildFile; fileRef = 1BB5825E29678BF7007BECB5 /* Main.storyboard */; };
		1BB5826229678BF9007BECB5 /* Assets.xcassets in Resources */ = {isa = PBXBuildFile; fileRef = 1BB5826129678BF9007BECB5 /* Assets.xcassets */; };
		1BB5826529678BF9007BECB5 /* LaunchScreen.storyboard in Resources */ = {isa = PBXBuildFile; fileRef = 1BB5826329678BF9007BECB5 /* LaunchScreen.storyboard */; };
		1BB5827029678BF9007BECB5 /* ShoppableTests.swift in Sources */ = {isa = PBXBuildFile; fileRef = 1BB5826F29678BF9007BECB5 /* ShoppableTests.swift */; };
		1BB5827A29678BFA007BECB5 /* ShoppableUITests.swift in Sources */ = {isa = PBXBuildFile; fileRef = 1BB5827929678BFA007BECB5 /* ShoppableUITests.swift */; };
		1BB5827C29678BFA007BECB5 /* ShoppableUITestsLaunchTests.swift in Sources */ = {isa = PBXBuildFile; fileRef = 1BB5827B29678BFA007BECB5 /* ShoppableUITestsLaunchTests.swift */; };
		1BB5829329678F26007BECB5 /* CartViewController.swift in Sources */ = {isa = PBXBuildFile; fileRef = 1BB5829229678F26007BECB5 /* CartViewController.swift */; };
		1BB5829629679049007BECB5 /* ProductsViewModel.swift in Sources */ = {isa = PBXBuildFile; fileRef = 1BB5829529679049007BECB5 /* ProductsViewModel.swift */; };
		1BB5829E2967905E007BECB5 /* ProductResponse.swift in Sources */ = {isa = PBXBuildFile; fileRef = 1BB582982967905D007BECB5 /* ProductResponse.swift */; };
		1BB5829F2967905E007BECB5 /* Constants.swift in Sources */ = {isa = PBXBuildFile; fileRef = 1BB5829A2967905E007BECB5 /* Constants.swift */; };
		1BB582A02967905E007BECB5 /* Utils.swift in Sources */ = {isa = PBXBuildFile; fileRef = 1BB5829B2967905E007BECB5 /* Utils.swift */; };
		1BB582A12967905E007BECB5 /* products.json in Resources */ = {isa = PBXBuildFile; fileRef = 1BB5829D2967905E007BECB5 /* products.json */; };
		1BB582A42967907C007BECB5 /* CatalogView.swift in Sources */ = {isa = PBXBuildFile; fileRef = 1BB582A32967907C007BECB5 /* CatalogView.swift */; };
		1BB582A629679146007BECB5 /* HostingSwiftUIView.swift in Sources */ = {isa = PBXBuildFile; fileRef = 1BB582A529679146007BECB5 /* HostingSwiftUIView.swift */; };
		1BB582A829679541007BECB5 /* CartView.swift in Sources */ = {isa = PBXBuildFile; fileRef = 1BB582A729679541007BECB5 /* CartView.swift */; };
		1BB582A9296821D4007BECB5 /* products.json in Resources */ = {isa = PBXBuildFile; fileRef = 1BB5829D2967905E007BECB5 /* products.json */; };
		1BB582AB29682723007BECB5 /* CatalogService.swift in Sources */ = {isa = PBXBuildFile; fileRef = 1BB582AA29682723007BECB5 /* CatalogService.swift */; };
/* End PBXBuildFile section */

/* Begin PBXContainerItemProxy section */
		1BB5826C29678BF9007BECB5 /* PBXContainerItemProxy */ = {
			isa = PBXContainerItemProxy;
			containerPortal = 1BB5824D29678BF6007BECB5 /* Project object */;
			proxyType = 1;
			remoteGlobalIDString = 1BB5825429678BF6007BECB5;
			remoteInfo = Shoppable;
		};
		1BB5827629678BFA007BECB5 /* PBXContainerItemProxy */ = {
			isa = PBXContainerItemProxy;
			containerPortal = 1BB5824D29678BF6007BECB5 /* Project object */;
			proxyType = 1;
			remoteGlobalIDString = 1BB5825429678BF6007BECB5;
			remoteInfo = Shoppable;
		};
/* End PBXContainerItemProxy section */

/* Begin PBXFileReference section */
		1BB5825529678BF6007BECB5 /* Shoppable.app */ = {isa = PBXFileReference; explicitFileType = wrapper.application; includeInIndex = 0; path = Shoppable.app; sourceTree = BUILT_PRODUCTS_DIR; };
		1BB5825829678BF6007BECB5 /* AppDelegate.swift */ = {isa = PBXFileReference; lastKnownFileType = sourcecode.swift; path = AppDelegate.swift; sourceTree = "<group>"; };
		1BB5825A29678BF7007BECB5 /* SceneDelegate.swift */ = {isa = PBXFileReference; lastKnownFileType = sourcecode.swift; path = SceneDelegate.swift; sourceTree = "<group>"; };
		1BB5825C29678BF7007BECB5 /* ProductCatalogViewController.swift */ = {isa = PBXFileReference; lastKnownFileType = sourcecode.swift; path = ProductCatalogViewController.swift; sourceTree = "<group>"; };
		1BB5825F29678BF7007BECB5 /* Base */ = {isa = PBXFileReference; lastKnownFileType = file.storyboard; name = Base; path = Base.lproj/Main.storyboard; sourceTree = "<group>"; };
		1BB5826129678BF9007BECB5 /* Assets.xcassets */ = {isa = PBXFileReference; lastKnownFileType = folder.assetcatalog; path = Assets.xcassets; sourceTree = "<group>"; };
		1BB5826429678BF9007BECB5 /* Base */ = {isa = PBXFileReference; lastKnownFileType = file.storyboard; name = Base; path = Base.lproj/LaunchScreen.storyboard; sourceTree = "<group>"; };
		1BB5826629678BF9007BECB5 /* Info.plist */ = {isa = PBXFileReference; lastKnownFileType = text.plist.xml; path = Info.plist; sourceTree = "<group>"; };
		1BB5826B29678BF9007BECB5 /* ShoppableTests.xctest */ = {isa = PBXFileReference; explicitFileType = wrapper.cfbundle; includeInIndex = 0; path = ShoppableTests.xctest; sourceTree = BUILT_PRODUCTS_DIR; };
		1BB5826F29678BF9007BECB5 /* ShoppableTests.swift */ = {isa = PBXFileReference; lastKnownFileType = sourcecode.swift; path = ShoppableTests.swift; sourceTree = "<group>"; };
		1BB5827529678BF9007BECB5 /* ShoppableUITests.xctest */ = {isa = PBXFileReference; explicitFileType = wrapper.cfbundle; includeInIndex = 0; path = ShoppableUITests.xctest; sourceTree = BUILT_PRODUCTS_DIR; };
		1BB5827929678BFA007BECB5 /* ShoppableUITests.swift */ = {isa = PBXFileReference; lastKnownFileType = sourcecode.swift; path = ShoppableUITests.swift; sourceTree = "<group>"; };
		1BB5827B29678BFA007BECB5 /* ShoppableUITestsLaunchTests.swift */ = {isa = PBXFileReference; lastKnownFileType = sourcecode.swift; path = ShoppableUITestsLaunchTests.swift; sourceTree = "<group>"; };
		1BB5829229678F26007BECB5 /* CartViewController.swift */ = {isa = PBXFileReference; lastKnownFileType = sourcecode.swift; path = CartViewController.swift; sourceTree = "<group>"; };
		1BB5829529679049007BECB5 /* ProductsViewModel.swift */ = {isa = PBXFileReference; fileEncoding = 4; lastKnownFileType = sourcecode.swift; path = ProductsViewModel.swift; sourceTree = "<group>"; };
		1BB582982967905D007BECB5 /* ProductResponse.swift */ = {isa = PBXFileReference; fileEncoding = 4; lastKnownFileType = sourcecode.swift; path = ProductResponse.swift; sourceTree = "<group>"; };
		1BB5829A2967905E007BECB5 /* Constants.swift */ = {isa = PBXFileReference; fileEncoding = 4; lastKnownFileType = sourcecode.swift; path = Constants.swift; sourceTree = "<group>"; };
		1BB5829B2967905E007BECB5 /* Utils.swift */ = {isa = PBXFileReference; fileEncoding = 4; lastKnownFileType = sourcecode.swift; path = Utils.swift; sourceTree = "<group>"; };
		1BB5829D2967905E007BECB5 /* products.json */ = {isa = PBXFileReference; fileEncoding = 4; lastKnownFileType = text.json; path = products.json; sourceTree = "<group>"; };
		1BB582A32967907C007BECB5 /* CatalogView.swift */ = {isa = PBXFileReference; fileEncoding = 4; lastKnownFileType = sourcecode.swift; path = CatalogView.swift; sourceTree = "<group>"; };
		1BB582A529679146007BECB5 /* HostingSwiftUIView.swift */ = {isa = PBXFileReference; lastKnownFileType = sourcecode.swift; path = HostingSwiftUIView.swift; sourceTree = "<group>"; };
		1BB582A729679541007BECB5 /* CartView.swift */ = {isa = PBXFileReference; lastKnownFileType = sourcecode.swift; path = CartView.swift; sourceTree = "<group>"; };
		1BB582AA29682723007BECB5 /* CatalogService.swift */ = {isa = PBXFileReference; lastKnownFileType = sourcecode.swift; path = CatalogService.swift; sourceTree = "<group>"; };
/* End PBXFileReference section */

/* Begin PBXFrameworksBuildPhase section */
		1BB5825229678BF6007BECB5 /* Frameworks */ = {
			isa = PBXFrameworksBuildPhase;
			buildActionMask = 2147483647;
			files = (
			);
			runOnlyForDeploymentPostprocessing = 0;
		};
		1BB5826829678BF9007BECB5 /* Frameworks */ = {
			isa = PBXFrameworksBuildPhase;
			buildActionMask = 2147483647;
			files = (
			);
			runOnlyForDeploymentPostprocessing = 0;
		};
		1BB5827229678BF9007BECB5 /* Frameworks */ = {
			isa = PBXFrameworksBuildPhase;
			buildActionMask = 2147483647;
			files = (
			);
			runOnlyForDeploymentPostprocessing = 0;
		};
/* End PBXFrameworksBuildPhase section */

/* Begin PBXGroup section */
		1BB5824C29678BF6007BECB5 = {
			isa = PBXGroup;
			children = (
				1BB5825729678BF6007BECB5 /* Shoppable */,
				1BB5826E29678BF9007BECB5 /* ShoppableTests */,
				1BB5827829678BFA007BECB5 /* ShoppableUITests */,
				1BB5825629678BF6007BECB5 /* Products */,
			);
			sourceTree = "<group>";
		};
		1BB5825629678BF6007BECB5 /* Products */ = {
			isa = PBXGroup;
			children = (
				1BB5825529678BF6007BECB5 /* Shoppable.app */,
				1BB5826B29678BF9007BECB5 /* ShoppableTests.xctest */,
				1BB5827529678BF9007BECB5 /* ShoppableUITests.xctest */,
			);
			name = Products;
			sourceTree = "<group>";
		};
		1BB5825729678BF6007BECB5 /* Shoppable */ = {
			isa = PBXGroup;
			children = (
				1BB5825829678BF6007BECB5 /* AppDelegate.swift */,
				1BB5825A29678BF7007BECB5 /* SceneDelegate.swift */,
				1BB5825C29678BF7007BECB5 /* ProductCatalogViewController.swift */,
				1BB5829229678F26007BECB5 /* CartViewController.swift */,
				1BB5829429679049007BECB5 /* ViewModels */,
				1BB582A22967907C007BECB5 /* Views */,
				1BB582992967905E007BECB5 /* Common */,
				1BB582972967905D007BECB5 /* Models */,
				1BB5829C2967905E007BECB5 /* Sources */,
				1BB5825E29678BF7007BECB5 /* Main.storyboard */,
				1BB5826129678BF9007BECB5 /* Assets.xcassets */,
				1BB5826329678BF9007BECB5 /* LaunchScreen.storyboard */,
				1BB5826629678BF9007BECB5 /* Info.plist */,
			);
			path = Shoppable;
			sourceTree = "<group>";
		};
		1BB5826E29678BF9007BECB5 /* ShoppableTests */ = {
			isa = PBXGroup;
			children = (
				1BB5826F29678BF9007BECB5 /* ShoppableTests.swift */,
			);
			path = ShoppableTests;
			sourceTree = "<group>";
		};
		1BB5827829678BFA007BECB5 /* ShoppableUITests */ = {
			isa = PBXGroup;
			children = (
				1BB5827929678BFA007BECB5 /* ShoppableUITests.swift */,
				1BB5827B29678BFA007BECB5 /* ShoppableUITestsLaunchTests.swift */,
			);
			path = ShoppableUITests;
			sourceTree = "<group>";
		};
		1BB5829429679049007BECB5 /* ViewModels */ = {
			isa = PBXGroup;
			children = (
				1BB5829529679049007BECB5 /* ProductsViewModel.swift */,
				1BB582AA29682723007BECB5 /* CatalogService.swift */,
			);
			path = ViewModels;
			sourceTree = "<group>";
		};
		1BB582972967905D007BECB5 /* Models */ = {
			isa = PBXGroup;
			children = (
				1BB582982967905D007BECB5 /* ProductResponse.swift */,
			);
			path = Models;
			sourceTree = "<group>";
		};
		1BB582992967905E007BECB5 /* Common */ = {
			isa = PBXGroup;
			children = (
				1BB5829A2967905E007BECB5 /* Constants.swift */,
				1BB5829B2967905E007BECB5 /* Utils.swift */,
				1BB582A529679146007BECB5 /* HostingSwiftUIView.swift */,
			);
			path = Common;
			sourceTree = "<group>";
		};
		1BB5829C2967905E007BECB5 /* Sources */ = {
			isa = PBXGroup;
			children = (
				1BB5829D2967905E007BECB5 /* products.json */,
			);
			path = Sources;
			sourceTree = "<group>";
		};
		1BB582A22967907C007BECB5 /* Views */ = {
			isa = PBXGroup;
			children = (
				1BB582A32967907C007BECB5 /* CatalogView.swift */,
				1BB582A729679541007BECB5 /* CartView.swift */,
			);
			path = Views;
			sourceTree = "<group>";
		};
/* End PBXGroup section */

/* Begin PBXNativeTarget section */
		1BB5825429678BF6007BECB5 /* Shoppable */ = {
			isa = PBXNativeTarget;
			buildConfigurationList = 1BB5827F29678BFA007BECB5 /* Build configuration list for PBXNativeTarget "Shoppable" */;
			buildPhases = (
				1BB5825129678BF6007BECB5 /* Sources */,
				1BB5825229678BF6007BECB5 /* Frameworks */,
				1BB5825329678BF6007BECB5 /* Resources */,
			);
			buildRules = (
			);
			dependencies = (
			);
			name = Shoppable;
			productName = Shoppable;
			productReference = 1BB5825529678BF6007BECB5 /* Shoppable.app */;
			productType = "com.apple.product-type.application";
		};
		1BB5826A29678BF9007BECB5 /* ShoppableTests */ = {
			isa = PBXNativeTarget;
			buildConfigurationList = 1BB5828229678BFA007BECB5 /* Build configuration list for PBXNativeTarget "ShoppableTests" */;
			buildPhases = (
				1BB5826729678BF9007BECB5 /* Sources */,
				1BB5826829678BF9007BECB5 /* Frameworks */,
				1BB5826929678BF9007BECB5 /* Resources */,
			);
			buildRules = (
			);
			dependencies = (
				1BB5826D29678BF9007BECB5 /* PBXTargetDependency */,
			);
			name = ShoppableTests;
			productName = ShoppableTests;
			productReference = 1BB5826B29678BF9007BECB5 /* ShoppableTests.xctest */;
			productType = "com.apple.product-type.bundle.unit-test";
		};
		1BB5827429678BF9007BECB5 /* ShoppableUITests */ = {
			isa = PBXNativeTarget;
			buildConfigurationList = 1BB5828529678BFA007BECB5 /* Build configuration list for PBXNativeTarget "ShoppableUITests" */;
			buildPhases = (
				1BB5827129678BF9007BECB5 /* Sources */,
				1BB5827229678BF9007BECB5 /* Frameworks */,
				1BB5827329678BF9007BECB5 /* Resources */,
			);
			buildRules = (
			);
			dependencies = (
				1BB5827729678BFA007BECB5 /* PBXTargetDependency */,
			);
			name = ShoppableUITests;
			productName = ShoppableUITests;
			productReference = 1BB5827529678BF9007BECB5 /* ShoppableUITests.xctest */;
			productType = "com.apple.product-type.bundle.ui-testing";
		};
/* End PBXNativeTarget section */

/* Begin PBXProject section */
		1BB5824D29678BF6007BECB5 /* Project object */ = {
			isa = PBXProject;
			attributes = {
				BuildIndependentTargetsInParallel = 1;
				LastSwiftUpdateCheck = 1420;
				LastUpgradeCheck = 1420;
				TargetAttributes = {
					1BB5825429678BF6007BECB5 = {
						CreatedOnToolsVersion = 14.2;
					};
					1BB5826A29678BF9007BECB5 = {
						CreatedOnToolsVersion = 14.2;
						TestTargetID = 1BB5825429678BF6007BECB5;
					};
					1BB5827429678BF9007BECB5 = {
						CreatedOnToolsVersion = 14.2;
						TestTargetID = 1BB5825429678BF6007BECB5;
					};
				};
			};
			buildConfigurationList = 1BB5825029678BF6007BECB5 /* Build configuration list for PBXProject "Shoppable" */;
			compatibilityVersion = "Xcode 14.0";
			developmentRegion = en;
			hasScannedForEncodings = 0;
			knownRegions = (
				en,
				Base,
			);
			mainGroup = 1BB5824C29678BF6007BECB5;
			productRefGroup = 1BB5825629678BF6007BECB5 /* Products */;
			projectDirPath = "";
			projectRoot = "";
			targets = (
				1BB5825429678BF6007BECB5 /* Shoppable */,
				1BB5826A29678BF9007BECB5 /* ShoppableTests */,
				1BB5827429678BF9007BECB5 /* ShoppableUITests */,
			);
		};
/* End PBXProject section */

/* Begin PBXResourcesBuildPhase section */
		1BB5825329678BF6007BECB5 /* Resources */ = {
			isa = PBXResourcesBuildPhase;
			buildActionMask = 2147483647;
			files = (
				1BB5826529678BF9007BECB5 /* LaunchScreen.storyboard in Resources */,
				1BB582A12967905E007BECB5 /* products.json in Resources */,
				1BB5826229678BF9007BECB5 /* Assets.xcassets in Resources */,
				1BB5826029678BF7007BECB5 /* Main.storyboard in Resources */,
			);
			runOnlyForDeploymentPostprocessing = 0;
		};
		1BB5826929678BF9007BECB5 /* Resources */ = {
			isa = PBXResourcesBuildPhase;
			buildActionMask = 2147483647;
			files = (
				1BB582A9296821D4007BECB5 /* products.json in Resources */,
			);
			runOnlyForDeploymentPostprocessing = 0;
		};
		1BB5827329678BF9007BECB5 /* Resources */ = {
			isa = PBXResourcesBuildPhase;
			buildActionMask = 2147483647;
			files = (
			);
			runOnlyForDeploymentPostprocessing = 0;
		};
/* End PBXResourcesBuildPhase section */

/* Begin PBXSourcesBuildPhase section */
		1BB5825129678BF6007BECB5 /* Sources */ = {
			isa = PBXSourcesBuildPhase;
			buildActionMask = 2147483647;
			files = (
				1BB5829E2967905E007BECB5 /* ProductResponse.swift in Sources */,
				1BB5829329678F26007BECB5 /* CartViewController.swift in Sources */,
				1BB5825D29678BF7007BECB5 /* ProductCatalogViewController.swift in Sources */,
				1BB582AB29682723007BECB5 /* CatalogService.swift in Sources */,
				1BB5825929678BF7007BECB5 /* AppDelegate.swift in Sources */,
				1BB5829F2967905E007BECB5 /* Constants.swift in Sources */,
				1BB582A629679146007BECB5 /* HostingSwiftUIView.swift in Sources */,
				1BB582A829679541007BECB5 /* CartView.swift in Sources */,
				1BB582A42967907C007BECB5 /* CatalogView.swift in Sources */,
				1BB5829629679049007BECB5 /* ProductsViewModel.swift in Sources */,
				1BB5825B29678BF7007BECB5 /* SceneDelegate.swift in Sources */,
				1BB582A02967905E007BECB5 /* Utils.swift in Sources */,
			);
			runOnlyForDeploymentPostprocessing = 0;
		};
		1BB5826729678BF9007BECB5 /* Sources */ = {
			isa = PBXSourcesBuildPhase;
			buildActionMask = 2147483647;
			files = (
				1BB5827029678BF9007BECB5 /* ShoppableTests.swift in Sources */,
			);
			runOnlyForDeploymentPostprocessing = 0;
		};
		1BB5827129678BF9007BECB5 /* Sources */ = {
			isa = PBXSourcesBuildPhase;
			buildActionMask = 2147483647;
			files = (
				1BB5827A29678BFA007BECB5 /* ShoppableUITests.swift in Sources */,
				1BB5827C29678BFA007BECB5 /* ShoppableUITestsLaunchTests.swift in Sources */,
			);
			runOnlyForDeploymentPostprocessing = 0;
		};
/* End PBXSourcesBuildPhase section */

/* Begin PBXTargetDependency section */
		1BB5826D29678BF9007BECB5 /* PBXTargetDependency */ = {
			isa = PBXTargetDependency;
			target = 1BB5825429678BF6007BECB5 /* Shoppable */;
			targetProxy = 1BB5826C29678BF9007BECB5 /* PBXContainerItemProxy */;
		};
		1BB5827729678BFA007BECB5 /* PBXTargetDependency */ = {
			isa = PBXTargetDependency;
			target = 1BB5825429678BF6007BECB5 /* Shoppable */;
			targetProxy = 1BB5827629678BFA007BECB5 /* PBXContainerItemProxy */;
		};
/* End PBXTargetDependency section */

/* Begin PBXVariantGroup section */
		1BB5825E29678BF7007BECB5 /* Main.storyboard */ = {
			isa = PBXVariantGroup;
			children = (
				1BB5825F29678BF7007BECB5 /* Base */,
			);
			name = Main.storyboard;
			sourceTree = "<group>";
		};
		1BB5826329678BF9007BECB5 /* LaunchScreen.storyboard */ = {
			isa = PBXVariantGroup;
			children = (
				1BB5826429678BF9007BECB5 /* Base */,
			);
			name = LaunchScreen.storyboard;
			sourceTree = "<group>";
		};
/* End PBXVariantGroup section */

/* Begin XCBuildConfiguration section */
		1BB5827D29678BFA007BECB5 /* Debug */ = {
			isa = XCBuildConfiguration;
			buildSettings = {
				ALWAYS_SEARCH_USER_PATHS = NO;
				CLANG_ANALYZER_NONNULL = YES;
				CLANG_ANALYZER_NUMBER_OBJECT_CONVERSION = YES_AGGRESSIVE;
				CLANG_CXX_LANGUAGE_STANDARD = "gnu++20";
				CLANG_ENABLE_MODULES = YES;
				CLANG_ENABLE_OBJC_ARC = YES;
				CLANG_ENABLE_OBJC_WEAK = YES;
				CLANG_WARN_BLOCK_CAPTURE_AUTORELEASING = YES;
				CLANG_WARN_BOOL_CONVERSION = YES;
				CLANG_WARN_COMMA = YES;
				CLANG_WARN_CONSTANT_CONVERSION = YES;
				CLANG_WARN_DEPRECATED_OBJC_IMPLEMENTATIONS = YES;
				CLANG_WARN_DIRECT_OBJC_ISA_USAGE = YES_ERROR;
				CLANG_WARN_DOCUMENTATION_COMMENTS = YES;
				CLANG_WARN_EMPTY_BODY = YES;
				CLANG_WARN_ENUM_CONVERSION = YES;
				CLANG_WARN_INFINITE_RECURSION = YES;
				CLANG_WARN_INT_CONVERSION = YES;
				CLANG_WARN_NON_LITERAL_NULL_CONVERSION = YES;
				CLANG_WARN_OBJC_IMPLICIT_RETAIN_SELF = YES;
				CLANG_WARN_OBJC_LITERAL_CONVERSION = YES;
				CLANG_WARN_OBJC_ROOT_CLASS = YES_ERROR;
				CLANG_WARN_QUOTED_INCLUDE_IN_FRAMEWORK_HEADER = YES;
				CLANG_WARN_RANGE_LOOP_ANALYSIS = YES;
				CLANG_WARN_STRICT_PROTOTYPES = YES;
				CLANG_WARN_SUSPICIOUS_MOVE = YES;
				CLANG_WARN_UNGUARDED_AVAILABILITY = YES_AGGRESSIVE;
				CLANG_WARN_UNREACHABLE_CODE = YES;
				CLANG_WARN__DUPLICATE_METHOD_MATCH = YES;
				COPY_PHASE_STRIP = NO;
				DEBUG_INFORMATION_FORMAT = dwarf;
				ENABLE_STRICT_OBJC_MSGSEND = YES;
				ENABLE_TESTABILITY = YES;
				GCC_C_LANGUAGE_STANDARD = gnu11;
				GCC_DYNAMIC_NO_PIC = NO;
				GCC_NO_COMMON_BLOCKS = YES;
				GCC_OPTIMIZATION_LEVEL = 0;
				GCC_PREPROCESSOR_DEFINITIONS = (
					"DEBUG=1",
					"$(inherited)",
				);
				GCC_WARN_64_TO_32_BIT_CONVERSION = YES;
				GCC_WARN_ABOUT_RETURN_TYPE = YES_ERROR;
				GCC_WARN_UNDECLARED_SELECTOR = YES;
				GCC_WARN_UNINITIALIZED_AUTOS = YES_AGGRESSIVE;
				GCC_WARN_UNUSED_FUNCTION = YES;
				GCC_WARN_UNUSED_VARIABLE = YES;
				IPHONEOS_DEPLOYMENT_TARGET = 16.2;
				MTL_ENABLE_DEBUG_INFO = INCLUDE_SOURCE;
				MTL_FAST_MATH = YES;
				ONLY_ACTIVE_ARCH = YES;
				SDKROOT = iphoneos;
				SWIFT_ACTIVE_COMPILATION_CONDITIONS = DEBUG;
				SWIFT_OPTIMIZATION_LEVEL = "-Onone";
			};
			name = Debug;
		};
		1BB5827E29678BFA007BECB5 /* Release */ = {
			isa = XCBuildConfiguration;
			buildSettings = {
				ALWAYS_SEARCH_USER_PATHS = NO;
				CLANG_ANALYZER_NONNULL = YES;
				CLANG_ANALYZER_NUMBER_OBJECT_CONVERSION = YES_AGGRESSIVE;
				CLANG_CXX_LANGUAGE_STANDARD = "gnu++20";
				CLANG_ENABLE_MODULES = YES;
				CLANG_ENABLE_OBJC_ARC = YES;
				CLANG_ENABLE_OBJC_WEAK = YES;
				CLANG_WARN_BLOCK_CAPTURE_AUTORELEASING = YES;
				CLANG_WARN_BOOL_CONVERSION = YES;
				CLANG_WARN_COMMA = YES;
				CLANG_WARN_CONSTANT_CONVERSION = YES;
				CLANG_WARN_DEPRECATED_OBJC_IMPLEMENTATIONS = YES;
				CLANG_WARN_DIRECT_OBJC_ISA_USAGE = YES_ERROR;
				CLANG_WARN_DOCUMENTATION_COMMENTS = YES;
				CLANG_WARN_EMPTY_BODY = YES;
				CLANG_WARN_ENUM_CONVERSION = YES;
				CLANG_WARN_INFINITE_RECURSION = YES;
				CLANG_WARN_INT_CONVERSION = YES;
				CLANG_WARN_NON_LITERAL_NULL_CONVERSION = YES;
				CLANG_WARN_OBJC_IMPLICIT_RETAIN_SELF = YES;
				CLANG_WARN_OBJC_LITERAL_CONVERSION = YES;
				CLANG_WARN_OBJC_ROOT_CLASS = YES_ERROR;
				CLANG_WARN_QUOTED_INCLUDE_IN_FRAMEWORK_HEADER = YES;
				CLANG_WARN_RANGE_LOOP_ANALYSIS = YES;
				CLANG_WARN_STRICT_PROTOTYPES = YES;
				CLANG_WARN_SUSPICIOUS_MOVE = YES;
				CLANG_WARN_UNGUARDED_AVAILABILITY = YES_AGGRESSIVE;
				CLANG_WARN_UNREACHABLE_CODE = YES;
				CLANG_WARN__DUPLICATE_METHOD_MATCH = YES;
				COPY_PHASE_STRIP = NO;
				DEBUG_INFORMATION_FORMAT = "dwarf-with-dsym";
				ENABLE_NS_ASSERTIONS = NO;
				ENABLE_STRICT_OBJC_MSGSEND = YES;
				GCC_C_LANGUAGE_STANDARD = gnu11;
				GCC_NO_COMMON_BLOCKS = YES;
				GCC_WARN_64_TO_32_BIT_CONVERSION = YES;
				GCC_WARN_ABOUT_RETURN_TYPE = YES_ERROR;
				GCC_WARN_UNDECLARED_SELECTOR = YES;
				GCC_WARN_UNINITIALIZED_AUTOS = YES_AGGRESSIVE;
				GCC_WARN_UNUSED_FUNCTION = YES;
				GCC_WARN_UNUSED_VARIABLE = YES;
				IPHONEOS_DEPLOYMENT_TARGET = 16.2;
				MTL_ENABLE_DEBUG_INFO = NO;
				MTL_FAST_MATH = YES;
				SDKROOT = iphoneos;
				SWIFT_COMPILATION_MODE = wholemodule;
				SWIFT_OPTIMIZATION_LEVEL = "-O";
				VALIDATE_PRODUCT = YES;
			};
			name = Release;
		};
		1BB5828029678BFA007BECB5 /* Debug */ = {
			isa = XCBuildConfiguration;
			buildSettings = {
				ASSETCATALOG_COMPILER_APPICON_NAME = AppIcon;
				ASSETCATALOG_COMPILER_GLOBAL_ACCENT_COLOR_NAME = AccentColor;
				CODE_SIGN_STYLE = Automatic;
				CURRENT_PROJECT_VERSION = 1;
				DEVELOPMENT_TEAM = M27YJU8FDX;
				GENERATE_INFOPLIST_FILE = YES;
				INFOPLIST_FILE = Shoppable/Info.plist;
				INFOPLIST_KEY_UIApplicationSupportsIndirectInputEvents = YES;
				INFOPLIST_KEY_UILaunchStoryboardName = LaunchScreen;
				INFOPLIST_KEY_UIMainStoryboardFile = Main;
				INFOPLIST_KEY_UISupportedInterfaceOrientations_iPad = "UIInterfaceOrientationPortrait UIInterfaceOrientationPortraitUpsideDown UIInterfaceOrientationLandscapeLeft UIInterfaceOrientationLandscapeRight";
				INFOPLIST_KEY_UISupportedInterfaceOrientations_iPhone = "UIInterfaceOrientationPortrait UIInterfaceOrientationLandscapeLeft UIInterfaceOrientationLandscapeRight";
				LD_RUNPATH_SEARCH_PATHS = (
					"$(inherited)",
					"@executable_path/Frameworks",
				);
				MARKETING_VERSION = 1.0;
				PRODUCT_BUNDLE_IDENTIFIER = com.melisaDlg.Shoppable;
				PRODUCT_NAME = "$(TARGET_NAME)";
				SWIFT_EMIT_LOC_STRINGS = YES;
				SWIFT_VERSION = 5.0;
				TARGETED_DEVICE_FAMILY = "1,2";
			};
			name = Debug;
		};
		1BB5828129678BFA007BECB5 /* Release */ = {
			isa = XCBuildConfiguration;
			buildSettings = {
				ASSETCATALOG_COMPILER_APPICON_NAME = AppIcon;
				ASSETCATALOG_COMPILER_GLOBAL_ACCENT_COLOR_NAME = AccentColor;
				CODE_SIGN_STYLE = Automatic;
				CURRENT_PROJECT_VERSION = 1;
				DEVELOPMENT_TEAM = M27YJU8FDX;
				GENERATE_INFOPLIST_FILE = YES;
				INFOPLIST_FILE = Shoppable/Info.plist;
				INFOPLIST_KEY_UIApplicationSupportsIndirectInputEvents = YES;
				INFOPLIST_KEY_UILaunchStoryboardName = LaunchScreen;
				INFOPLIST_KEY_UIMainStoryboardFile = Main;
				INFOPLIST_KEY_UISupportedInterfaceOrientations_iPad = "UIInterfaceOrientationPortrait UIInterfaceOrientationPortraitUpsideDown UIInterfaceOrientationLandscapeLeft UIInterfaceOrientationLandscapeRight";
				INFOPLIST_KEY_UISupportedInterfaceOrientations_iPhone = "UIInterfaceOrientationPortrait UIInterfaceOrientationLandscapeLeft UIInterfaceOrientationLandscapeRight";
				LD_RUNPATH_SEARCH_PATHS = (
					"$(inherited)",
					"@executable_path/Frameworks",
				);
				MARKETING_VERSION = 1.0;
				PRODUCT_BUNDLE_IDENTIFIER = com.melisaDlg.Shoppable;
				PRODUCT_NAME = "$(TARGET_NAME)";
				SWIFT_EMIT_LOC_STRINGS = YES;
				SWIFT_VERSION = 5.0;
				TARGETED_DEVICE_FAMILY = "1,2";
			};
			name = Release;
		};
		1BB5828329678BFA007BECB5 /* Debug */ = {
			isa = XCBuildConfiguration;
			buildSettings = {
				ALWAYS_EMBED_SWIFT_STANDARD_LIBRARIES = YES;
				BUNDLE_LOADER = "$(TEST_HOST)";
				CODE_SIGN_STYLE = Automatic;
				CURRENT_PROJECT_VERSION = 1;
				DEVELOPMENT_TEAM = M27YJU8FDX;
				GENERATE_INFOPLIST_FILE = YES;
				IPHONEOS_DEPLOYMENT_TARGET = 16.2;
				MARKETING_VERSION = 1.0;
				PRODUCT_BUNDLE_IDENTIFIER = com.melisaDlg.ShoppableTests;
				PRODUCT_NAME = "$(TARGET_NAME)";
				SWIFT_EMIT_LOC_STRINGS = NO;
				SWIFT_VERSION = 5.0;
				TARGETED_DEVICE_FAMILY = "1,2";
				TEST_HOST = "$(BUILT_PRODUCTS_DIR)/Shoppable.app/$(BUNDLE_EXECUTABLE_FOLDER_PATH)/Shoppable";
			};
			name = Debug;
		};
		1BB5828429678BFA007BECB5 /* Release */ = {
			isa = XCBuildConfiguration;
			buildSettings = {
				ALWAYS_EMBED_SWIFT_STANDARD_LIBRARIES = YES;
				BUNDLE_LOADER = "$(TEST_HOST)";
				CODE_SIGN_STYLE = Automatic;
				CURRENT_PROJECT_VERSION = 1;
				DEVELOPMENT_TEAM = M27YJU8FDX;
				GENERATE_INFOPLIST_FILE = YES;
				IPHONEOS_DEPLOYMENT_TARGET = 16.2;
				MARKETING_VERSION = 1.0;
				PRODUCT_BUNDLE_IDENTIFIER = com.melisaDlg.ShoppableTests;
				PRODUCT_NAME = "$(TARGET_NAME)";
				SWIFT_EMIT_LOC_STRINGS = NO;
				SWIFT_VERSION = 5.0;
				TARGETED_DEVICE_FAMILY = "1,2";
				TEST_HOST = "$(BUILT_PRODUCTS_DIR)/Shoppable.app/$(BUNDLE_EXECUTABLE_FOLDER_PATH)/Shoppable";
			};
			name = Release;
		};
		1BB5828629678BFA007BECB5 /* Debug */ = {
			isa = XCBuildConfiguration;
			buildSettings = {
				ALWAYS_EMBED_SWIFT_STANDARD_LIBRARIES = YES;
				CODE_SIGN_STYLE = Automatic;
				CURRENT_PROJECT_VERSION = 1;
				DEVELOPMENT_TEAM = M27YJU8FDX;
				GENERATE_INFOPLIST_FILE = YES;
				MARKETING_VERSION = 1.0;
				PRODUCT_BUNDLE_IDENTIFIER = com.melisaDlg.ShoppableUITests;
				PRODUCT_NAME = "$(TARGET_NAME)";
				SWIFT_EMIT_LOC_STRINGS = NO;
				SWIFT_VERSION = 5.0;
				TARGETED_DEVICE_FAMILY = "1,2";
				TEST_TARGET_NAME = Shoppable;
			};
			name = Debug;
		};
		1BB5828729678BFA007BECB5 /* Release */ = {
			isa = XCBuildConfiguration;
			buildSettings = {
				ALWAYS_EMBED_SWIFT_STANDARD_LIBRARIES = YES;
				CODE_SIGN_STYLE = Automatic;
				CURRENT_PROJECT_VERSION = 1;
				DEVELOPMENT_TEAM = M27YJU8FDX;
				GENERATE_INFOPLIST_FILE = YES;
				MARKETING_VERSION = 1.0;
				PRODUCT_BUNDLE_IDENTIFIER = com.melisaDlg.ShoppableUITests;
				PRODUCT_NAME = "$(TARGET_NAME)";
				SWIFT_EMIT_LOC_STRINGS = NO;
				SWIFT_VERSION = 5.0;
				TARGETED_DEVICE_FAMILY = "1,2";
				TEST_TARGET_NAME = Shoppable;
			};
			name = Release;
		};
/* End XCBuildConfiguration section */

/* Begin XCConfigurationList section */
		1BB5825029678BF6007BECB5 /* Build configuration list for PBXProject "Shoppable" */ = {
			isa = XCConfigurationList;
			buildConfigurations = (
				1BB5827D29678BFA007BECB5 /* Debug */,
				1BB5827E29678BFA007BECB5 /* Release */,
			);
			defaultConfigurationIsVisible = 0;
			defaultConfigurationName = Release;
		};
		1BB5827F29678BFA007BECB5 /* Build configuration list for PBXNativeTarget "Shoppable" */ = {
			isa = XCConfigurationList;
			buildConfigurations = (
				1BB5828029678BFA007BECB5 /* Debug */,
				1BB5828129678BFA007BECB5 /* Release */,
			);
			defaultConfigurationIsVisible = 0;
			defaultConfigurationName = Release;
		};
		1BB5828229678BFA007BECB5 /* Build configuration list for PBXNativeTarget "ShoppableTests" */ = {
			isa = XCConfigurationList;
			buildConfigurations = (
				1BB5828329678BFA007BECB5 /* Debug */,
				1BB5828429678BFA007BECB5 /* Release */,
			);
			defaultConfigurationIsVisible = 0;
			defaultConfigurationName = Release;
		};
		1BB5828529678BFA007BECB5 /* Build configuration list for PBXNativeTarget "ShoppableUITests" */ = {
			isa = XCConfigurationList;
			buildConfigurations = (
				1BB5828629678BFA007BECB5 /* Debug */,
				1BB5828729678BFA007BECB5 /* Release */,
			);
			defaultConfigurationIsVisible = 0;
			defaultConfigurationName = Release;
		};
/* End XCConfigurationList section */
	};
	rootObject = 1BB5824D29678BF6007BECB5 /* Project object */;
}
